
Microsoft Visual Studio Solution File, Format Version 12.00
# Visual Studio Version 17
VisualStudioVersion = 17.4.33213.308
MinimumVisualStudioVersion = 10.0.40219.1
Project("{9A19103F-16F7-4668-BE54-9A1E7A4F7556}") = "ConsoleApp18", "ConsoleApp18\ConsoleApp18.csproj", "{BDD28A12-B5B3-4D26-B28E-C430396BF013}"
EndProject
Project("{FAE04EC0-301F-11D3-BF4B-00C04F79EFBC}") = "tesss", "tesss\tesss.csproj", "{1DE9557F-B33A-4016-813C-BE2D294DD228}"
EndProject
Global
	GlobalSection(SolutionConfigurationPlatforms) = preSolution
		Debug|Any CPU = Debug|Any CPU
		Release|Any CPU = Release|Any CPU
	EndGlobalSection
	GlobalSection(ProjectConfigurationPlatforms) = postSolution
		{BDD28A12-B5B3-4D26-B28E-C430396BF013}.Debug|Any CPU.ActiveCfg = Debug|Any CPU
		{BDD28A12-B5B3-4D26-B28E-C430396BF013}.Debug|Any CPU.Build.0 = Debug|Any CPU
		{BDD28A12-B5B3-4D26-B28E-C430396BF013}.Release|Any CPU.ActiveCfg = Release|Any CPU
		{BDD28A12-B5B3-4D26-B28E-C430396BF013}.Release|Any CPU.Build.0 = Release|Any CPU
		{1DE9557F-B33A-4016-813C-BE2D294DD228}.Debug|Any CPU.ActiveCfg = Debug|Any CPU
		{1DE9557F-B33A-4016-813C-BE2D294DD228}.Debug|Any CPU.Build.0 = Debug|Any CPU
		{1DE9557F-B33A-4016-813C-BE2D294DD228}.Release|Any CPU.ActiveCfg = Release|Any CPU
		{1DE9557F-B33A-4016-813C-BE2D294DD228}.Release|Any CPU.Build.0 = Release|Any CPU
	EndGlobalSection
	GlobalSection(SolutionProperties) = preSolution
		HideSolutionNode = FALSE
	EndGlobalSection
	GlobalSection(ExtensibilityGlobals) = postSolution
		SolutionGuid = {FC80E912-2E5A-45A5-9CC2-0DA6D8BF1E4C}
	EndGlobalSection
EndGlobal
